{
	"version": "0.0.1",
	"lockfileVersion": 1,
	"requires": true,
	"dependencies": {
		"@moefe/vue-aplayer": {
			"version": "2.0.0-beta.5",
			"resolved": "https://registry.npmjs.org/@moefe/vue-aplayer/-/vue-aplayer-2.0.0-beta.5.tgz",
			"integrity": "sha512-ytzp4GStzjftuh7H1rIS/ziqwV1FO67iTLSkDxgN0J2bqlO+rBgDDr83Y+pZKBIgRUc30uu/UZHqmE4QiBHHeg==",
			"requires": {
				"vue": "^2.5.17"
			}
		},
		"marked": {
			"version": "4.0.14",
			"resolved": "https://registry.npmjs.org/marked/-/marked-4.0.14.tgz",
			"integrity": "sha512-HL5sSPE/LP6U9qKgngIIPTthuxC0jrfxpYMZ3LdGDD3vTnLs59m2Z7r6+LNDR3ToqEQdkKd6YaaEfJhodJmijQ=="
		},
		"vue": {
			"version": "2.6.14",
			"resolved": "https://registry.npmjs.org/vue/-/vue-2.6.14.tgz",
			"integrity": "sha512-x2284lgYvjOMj3Za7kqzRcUSxBboHqtgRE2zlos1qWaOye5yUmHn42LB1250NJBLRwEcdrB0JRwyPTEPhfQjiQ=="
		}
	}
}
